
Microsoft Visual Studio Solution File, Format Version 12.00
# Visual Studio Version 16
VisualStudioVersion = 16.0.30309.148
MinimumVisualStudioVersion = 10.0.40219.1
Project("{FAE04EC0-301F-11D3-BF4B-00C04F79EFBC}") = "Sitio ALLOVER", "Sitio ALLOVER\Sitio ALLOVER.csproj", "{24FCDDCC-77AA-4588-85EC-C7CAF9406E41}"
EndProject
Global
	GlobalSection(SolutionConfigurationPlatforms) = preSolution
		Debug|Any CPU = Debug|Any CPU
		Release|Any CPU = Release|Any CPU
	EndGlobalSection
	GlobalSection(ProjectConfigurationPlatforms) = postSolution
		{24FCDDCC-77AA-4588-85EC-C7CAF9406E41}.Debug|Any CPU.ActiveCfg = Debug|Any CPU
		{24FCDDCC-77AA-4588-85EC-C7CAF9406E41}.Debug|Any CPU.Build.0 = Debug|Any CPU
		{24FCDDCC-77AA-4588-85EC-C7CAF9406E41}.Release|Any CPU.ActiveCfg = Release|Any CPU
		{24FCDDCC-77AA-4588-85EC-C7CAF9406E41}.Release|Any CPU.Build.0 = Release|Any CPU
	EndGlobalSection
	GlobalSection(SolutionProperties) = preSolution
		HideSolutionNode = FALSE
	EndGlobalSection
	GlobalSection(ExtensibilityGlobals) = postSolution
		SolutionGuid = {8E6C742C-CF79-4A3F-933C-EE13A3038639}
	EndGlobalSection
EndGlobal
